
Microsoft Visual Studio Solution File, Format Version 11.00
# Visual C++ Express 2010
Project("{8BC9CEB8-8B4A-11D0-8D11-00A0C91BC942}") = "Jet", "Jet.vcxproj", "{53569E6F-AC5C-4B8F-8A31-AA6B52462B1B}"
EndProject
Global
	GlobalSection(SolutionConfigurationPlatforms) = preSolution
		Debug|Win32 = Debug|Win32
		Release|Win32 = Release|Win32
	EndGlobalSection
	GlobalSection(ProjectConfigurationPlatforms) = postSolution
		{53569E6F-AC5C-4B8F-8A31-AA6B52462B1B}.Debug|Win32.ActiveCfg = Debug|Win32
		{53569E6F-AC5C-4B8F-8A31-AA6B52462B1B}.Debug|Win32.Build.0 = Debug|Win32
		{53569E6F-AC5C-4B8F-8A31-AA6B52462B1B}.Release|Win32.ActiveCfg = Release|Win32
		{53569E6F-AC5C-4B8F-8A31-AA6B52462B1B}.Release|Win32.Build.0 = Release|Win32
	EndGlobalSection
	GlobalSection(SolutionProperties) = preSolution
		HideSolutionNode = FALSE
	EndGlobalSection
EndGlobal
